
Microsoft Visual Studio Solution File, Format Version 12.00
# Visual Studio Version 17
VisualStudioVersion = 17.4.33110.190
MinimumVisualStudioVersion = 10.0.40219.1
Project("{9A19103F-16F7-4668-BE54-9A1E7A4F7556}") = "SalesWebMVC", "SalesWebMVC\SalesWebMVC.csproj", "{D23BF218-C01C-4303-9398-336878CC17FE}"
EndProject
Project("{2150E333-8FDC-42A3-9474-1A3956D46DE8}") = "Solution Items", "Solution Items", "{65CD81D7-38BC-4C41-A9D9-3223C26384CB}"
	ProjectSection(SolutionItems) = preProject
		.editorconfig = .editorconfig
	EndProjectSection
EndProject
Global
	GlobalSection(SolutionConfigurationPlatforms) = preSolution
		Debug|Any CPU = Debug|Any CPU
		Release|Any CPU = Release|Any CPU
	EndGlobalSection
	GlobalSection(ProjectConfigurationPlatforms) = postSolution
		{D23BF218-C01C-4303-9398-336878CC17FE}.Debug|Any CPU.ActiveCfg = Debug|Any CPU
		{D23BF218-C01C-4303-9398-336878CC17FE}.Debug|Any CPU.Build.0 = Debug|Any CPU
		{D23BF218-C01C-4303-9398-336878CC17FE}.Release|Any CPU.ActiveCfg = Release|Any CPU
		{D23BF218-C01C-4303-9398-336878CC17FE}.Release|Any CPU.Build.0 = Release|Any CPU
	EndGlobalSection
	GlobalSection(SolutionProperties) = preSolution
		HideSolutionNode = FALSE
	EndGlobalSection
	GlobalSection(ExtensibilityGlobals) = postSolution
		SolutionGuid = {05A140E9-C53B-4AB8-A4E4-584EDBAF024A}
	EndGlobalSection
EndGlobal
